{
    "_readme": [
        "This file locks the dependencies of your project to a known state",
        "Read more about it at https://getcomposer.org/doc/01-basic-usage.md#installing-dependencies",
        "This file is @generated automatically"
    ],
    "content-hash": "c4fe08b13fafd907184278ad4c09fa17",
    "packages": [
        {
            "name": "art-of-wifi/unifi-api-client",
            "version": "v2.0.5",
            "source": {
                "type": "git",
                "url": "https://github.com/Art-of-WiFi/UniFi-API-client.git",
                "reference": "2cc60dbc3c3b3dcce43e975132de8bdfec794e98"
            },
            "dist": {
                "type": "zip",
                "url": "https://api.github.com/repos/Art-of-WiFi/UniFi-API-client/zipball/2cc60dbc3c3b3dcce43e975132de8bdfec794e98",
                "reference": "2cc60dbc3c3b3dcce43e975132de8bdfec794e98",
                "shasum": ""
            },
            "require": {
                "ext-curl": "*",
                "ext-json": "*",
                "php": ">=7.4.0"
            },
            "type": "library",
            "autoload": {
                "psr-4": {
                    "UniFi_API\\": "src/"
                }
            },
            "notification-url": "https://packagist.org/downloads/",
            "license": [
                "MIT"
            ],
            "authors": [
                {
                    "name": "Art of WiFi",
                    "email": "info@artofowifi.net",
                    "homepage": "https://artofwifi.net"
                }
            ],
            "description": "API client class for use with Ubiquiti's UniFi controller",
            "homepage": "https://github.com/Art-of-WiFi/UniFi-API-client",
            "keywords": [
                "UBNT",
                "api",
                "client",
                "controller",
                "ubiquiti",
                "unifi",
                "unifi os"
            ],
            "support": {
                "issues": "https://github.com/Art-of-WiFi/UniFi-API-client/issues",
                "source": "https://github.com/Art-of-WiFi/UniFi-API-client/tree/v2.0.5"
            },
            "time": "2025-03-09T11:12:03+00:00"
        },
        {
            "name": "chillerlan/php-qrcode",
            "version": "5.0.4",
            "source": {
                "type": "git",
                "url": "https://github.com/chillerlan/php-qrcode.git",
                "reference": "390393e97a6e42ccae0e0d6205b8d4200f7ddc43"
            },
            "dist": {
                "type": "zip",
                "url": "https://api.github.com/repos/chillerlan/php-qrcode/zipball/390393e97a6e42ccae0e0d6205b8d4200f7ddc43",
                "reference": "390393e97a6e42ccae0e0d6205b8d4200f7ddc43",
                "shasum": ""
            },
            "require": {
                "chillerlan/php-settings-container": "^2.1.6 || ^3.2.1",
                "ext-mbstring": "*",
                "php": "^7.4 || ^8.0"
            },
            "require-dev": {
                "chillerlan/php-authenticator": "^4.3.1 || ^5.2.1",
                "ext-fileinfo": "*",
                "phan/phan": "^5.5.1",
                "phpcompatibility/php-compatibility": "10.x-dev",
                "phpmd/phpmd": "^2.15",
                "phpunit/phpunit": "^9.6",
                "setasign/fpdf": "^1.8.2",
                "slevomat/coding-standard": "^8.23.0",
                "squizlabs/php_codesniffer": "^4.0.0"
            },
            "suggest": {
                "chillerlan/php-authenticator": "Yet another Google authenticator! Also creates URIs for mobile apps.",
                "setasign/fpdf": "Required to use the QR FPDF output.",
                "simple-icons/simple-icons": "SVG icons that you can use to embed as logos in the QR Code"
            },
            "type": "library",
            "autoload": {
                "psr-4": {
                    "chillerlan\\QRCode\\": "src"
                }
            },
            "notification-url": "https://packagist.org/downloads/",
            "license": [
                "MIT",
                "Apache-2.0"
            ],
            "authors": [
                {
                    "name": "Kazuhiko Arase",
                    "homepage": "https://github.com/kazuhikoarase/qrcode-generator"
                },
                {
                    "name": "ZXing Authors",
                    "homepage": "https://github.com/zxing/zxing"
                },
                {
                    "name": "Ashot Khanamiryan",
                    "homepage": "https://github.com/khanamiryan/php-qrcode-detector-decoder"
                },
                {
                    "name": "Smiley",
                    "email": "smiley@chillerlan.net",
                    "homepage": "https://github.com/codemasher"
                },
                {
                    "name": "Contributors",
                    "homepage": "https://github.com/chillerlan/php-qrcode/graphs/contributors"
                }
            ],
            "description": "A QR Code generator and reader with a user-friendly API. PHP 7.4+",
            "homepage": "https://github.com/chillerlan/php-qrcode",
            "keywords": [
                "phpqrcode",
                "qr",
                "qr code",
                "qr-reader",
                "qrcode",
                "qrcode-generator",
                "qrcode-reader"
            ],
            "support": {
                "docs": "https://php-qrcode.readthedocs.io",
                "issues": "https://github.com/chillerlan/php-qrcode/issues",
                "source": "https://github.com/chillerlan/php-qrcode"
            },
            "funding": [
                {
                    "url": "https://ko-fi.com/codemasher",
                    "type": "Ko-Fi"
                }
            ],
            "time": "2025-09-19T17:30:27+00:00"
        },
        {
            "name": "chillerlan/php-settings-container",
            "version": "3.2.1",
            "source": {
                "type": "git",
                "url": "https://github.com/chillerlan/php-settings-container.git",
                "reference": "95ed3e9676a1d47cab2e3174d19b43f5dbf52681"
            },
            "dist": {
                "type": "zip",
                "url": "https://api.github.com/repos/chillerlan/php-settings-container/zipball/95ed3e9676a1d47cab2e3174d19b43f5dbf52681",
                "reference": "95ed3e9676a1d47cab2e3174d19b43f5dbf52681",
                "shasum": ""
            },
            "require": {
                "ext-json": "*",
                "php": "^8.1"
            },
            "require-dev": {
                "phpmd/phpmd": "^2.15",
                "phpstan/phpstan": "^1.11",
                "phpstan/phpstan-deprecation-rules": "^1.2",
                "phpunit/phpunit": "^10.5",
                "squizlabs/php_codesniffer": "^3.10"
            },
            "type": "library",
            "autoload": {
                "psr-4": {
                    "chillerlan\\Settings\\": "src"
                }
            },
            "notification-url": "https://packagist.org/downloads/",
            "license": [
                "MIT"
            ],
            "authors": [
                {
                    "name": "Smiley",
                    "email": "smiley@chillerlan.net",
                    "homepage": "https://github.com/codemasher"
                }
            ],
            "description": "A container class for immutable settings objects. Not a DI container.",
            "homepage": "https://github.com/chillerlan/php-settings-container",
            "keywords": [
                "Settings",
                "configuration",
                "container",
                "helper"
            ],
            "support": {
                "issues": "https://github.com/chillerlan/php-settings-container/issues",
                "source": "https://github.com/chillerlan/php-settings-container"
            },
            "funding": [
                {
                    "url": "https://www.paypal.com/donate?hosted_button_id=WLYUNAT9ZTJZ4",
                    "type": "custom"
                },
                {
                    "url": "https://ko-fi.com/codemasher",
                    "type": "ko_fi"
                }
            ],
            "time": "2024-07-16T11:13:48+00:00"
        },
        {
            "name": "evilfreelancer/routeros-api-php",
            "version": "1.6.0",
            "source": {
                "type": "git",
                "url": "https://github.com/EvilFreelancer/routeros-api-php.git",
                "reference": "dd7bf44c461054c0101119154de21f8c8b8f4512"
            },
            "dist": {
                "type": "zip",
                "url": "https://api.github.com/repos/EvilFreelancer/routeros-api-php/zipball/dd7bf44c461054c0101119154de21f8c8b8f4512",
                "reference": "dd7bf44c461054c0101119154de21f8c8b8f4512",
                "shasum": ""
            },
            "require": {
                "ext-sockets": "*",
                "php": "^7.4|^8.0",
                "spatie/ssh": "^1.8"
            },
            "require-dev": {
                "friendsofphp/php-cs-fixer": "^2.16",
                "larapack/dd": "^1.1",
                "limedeck/phpunit-detailed-printer": "^5.0",
                "orchestra/testbench": "^4.0|^5.0",
                "phpunit/phpunit": "^8.0",
                "rector/rector": "^0.7|^0.8|^0.9",
                "roave/security-advisories": "dev-master",
                "squizlabs/php_codesniffer": "^3.5"
            },
            "type": "library",
            "extra": {
                "laravel": {
                    "aliases": {
                        "RouterOS": "RouterOS\\Laravel\\Facade"
                    },
                    "providers": [
                        "RouterOS\\Laravel\\ServiceProvider"
                    ]
                }
            },
            "autoload": {
                "psr-4": {
                    "RouterOS\\": "./src/"
                }
            },
            "notification-url": "https://packagist.org/downloads/",
            "license": [
                "MIT"
            ],
            "authors": [
                {
                    "name": "Paul Rock",
                    "email": "paul@drteam.rocks",
                    "homepage": "http://drteam.rocks/",
                    "role": "Developer"
                }
            ],
            "description": "Modern Mikrotik RouterOS API PHP client for your applications (with Laravel support)",
            "keywords": [
                "PSR-4",
                "facade",
                "laravel",
                "mikrotik",
                "plugin",
                "routeros",
                "socket-client"
            ],
            "support": {
                "issues": "https://github.com/EvilFreelancer/routeros-api-php/issues",
                "source": "https://github.com/EvilFreelancer/routeros-api-php/tree/1.6.0"
            },
            "funding": [
                {
                    "url": "https://boosty.to/evilfreelancer",
                    "type": "custom"
                },
                {
                    "url": "https://pay.cloudtips.ru/p/937f48ac",
                    "type": "custom"
                }
            ],
            "time": "2025-09-15T10:19:30+00:00"
        },
        {
            "name": "spatie/ssh",
            "version": "1.13.0",
            "source": {
                "type": "git",
                "url": "https://github.com/spatie/ssh.git",
                "reference": "cfccf0873611a2d1b030f65d1dd319c8005d993f"
            },
            "dist": {
                "type": "zip",
                "url": "https://api.github.com/repos/spatie/ssh/zipball/cfccf0873611a2d1b030f65d1dd319c8005d993f",
                "reference": "cfccf0873611a2d1b030f65d1dd319c8005d993f",
                "shasum": ""
            },
            "require": {
                "php": "^7.4|^8.0",
                "symfony/process": "^4.4|^5.3|^6.0|^7.0"
            },
            "require-dev": {
                "pestphp/pest": "^1.22",
                "spatie/pest-plugin-snapshots": "^1.1",
                "symfony/var-dumper": "^5.3|6.0|^7.0"
            },
            "type": "library",
            "autoload": {
                "psr-4": {
                    "Spatie\\Ssh\\": "src"
                }
            },
            "notification-url": "https://packagist.org/downloads/",
            "license": [
                "MIT"
            ],
            "authors": [
                {
                    "name": "Freek Van der Herten",
                    "email": "freek@spatie.be",
                    "homepage": "https://spatie.be",
                    "role": "Developer"
                }
            ],
            "description": "A lightweight package to execute commands over an SSH connection",
            "homepage": "https://github.com/spatie/ssh",
            "keywords": [
                "spatie",
                "ssh"
            ],
            "support": {
                "issues": "https://github.com/spatie/ssh/issues",
                "source": "https://github.com/spatie/ssh/tree/1.13.0"
            },
            "funding": [
                {
                    "url": "https://spatie.be/open-source/support-us",
                    "type": "custom"
                }
            ],
            "time": "2024-12-23T10:27:18+00:00"
        },
        {
            "name": "symfony/process",
            "version": "v7.3.3",
            "source": {
                "type": "git",
                "url": "https://github.com/symfony/process.git",
                "reference": "32241012d521e2e8a9d713adb0812bb773b907f1"
            },
            "dist": {
                "type": "zip",
                "url": "https://api.github.com/repos/symfony/process/zipball/32241012d521e2e8a9d713adb0812bb773b907f1",
                "reference": "32241012d521e2e8a9d713adb0812bb773b907f1",
                "shasum": ""
            },
            "require": {
                "php": ">=8.2"
            },
            "type": "library",
            "autoload": {
                "psr-4": {
                    "Symfony\\Component\\Process\\": ""
                },
                "exclude-from-classmap": [
                    "/Tests/"
                ]
            },
            "notification-url": "https://packagist.org/downloads/",
            "license": [
                "MIT"
            ],
            "authors": [
                {
                    "name": "Fabien Potencier",
                    "email": "fabien@symfony.com"
                },
                {
                    "name": "Symfony Community",
                    "homepage": "https://symfony.com/contributors"
                }
            ],
            "description": "Executes commands in sub-processes",
            "homepage": "https://symfony.com",
            "support": {
                "source": "https://github.com/symfony/process/tree/v7.3.3"
            },
            "funding": [
                {
                    "url": "https://symfony.com/sponsor",
                    "type": "custom"
                },
                {
                    "url": "https://github.com/fabpot",
                    "type": "github"
                },
                {
                    "url": "https://github.com/nicolas-grekas",
                    "type": "github"
                },
                {
                    "url": "https://tidelift.com/funding/github/packagist/symfony/symfony",
                    "type": "tidelift"
                }
            ],
            "time": "2025-08-18T09:42:54+00:00"
        }
    ],
    "packages-dev": [],
    "aliases": [],
    "minimum-stability": "dev",
    "stability-flags": [],
    "prefer-stable": true,
    "prefer-lowest": false,
    "platform": {
        "php": ">=7.4"
    },
    "platform-dev": [],
    "plugin-api-version": "2.6.0"
}
